# THIS IS AN AUTOGENERATED FILE. DO NOT EDIT THIS FILE DIRECTLY.
# yarn lockfile v1


pyright@^1.1.260:
  version "1.1.260"
  resolved "https://registry.yarnpkg.com/pyright/-/pyright-1.1.260.tgz#66400bfb2c11189dcf704cb635548e56401c7baf"
  integrity sha512-oammrZ+NRJ9n0RITMl5/8sJlQmEtix0mQllMoMuCgZGQkjci5AZ59iVAnzGLRRUuaPNrJ0PYTtk4Ady6S6SuoA==
